{
  "name": "infrastructure",
  "version": "1.0.0",
  "lockfileVersion": 1,
  "requires": true,
  "dependencies": {
    "@aws-cdk/assets": {
      "version": "1.54.0",
      "resolved": "https://registry.npmjs.org/@aws-cdk/assets/-/assets-1.54.0.tgz",
      "integrity": "sha512-p8MKp2xw/Qyf9613Kf51sf2hv9Sd5bU7bOtQCBmSJ4zUpVSOIPn4HMwpIeU+dQwy8Oo+RrrtryEbn0XFn6W+jg==",
      "requires": {
        "@aws-cdk/core": "1.54.0",
        "@aws-cdk/cx-api": "1.54.0",
        "constructs": "^3.0.2"
      }
    },
    "@aws-cdk/aws-apigateway": {
      "version": "1.54.0",
      "resolved": "https://registry.npmjs.org/@aws-cdk/aws-apigateway/-/aws-apigateway-1.54.0.tgz",
      "integrity": "sha512-dRcV9pZC68jOtP/jxIl7WmtT24aeeoJiqhSCBhT9UB3qdjK1jOmMsBP41zoPGTcvmFebDoF8Xd0mxJF4iVWVtQ==",
      "requires": {
        "@aws-cdk/assets": "1.54.0",
        "@aws-cdk/aws-certificatemanager": "1.54.0",
        "@aws-cdk/aws-ec2": "1.54.0",
        "@aws-cdk/aws-elasticloadbalancingv2": "1.54.0",
        "@aws-cdk/aws-iam": "1.54.0",
        "@aws-cdk/aws-lambda": "1.54.0",
        "@aws-cdk/aws-logs": "1.54.0",
        "@aws-cdk/aws-s3": "1.54.0",
        "@aws-cdk/aws-s3-assets": "1.54.0",
        "@aws-cdk/core": "1.54.0",
        "@aws-cdk/cx-api": "1.54.0",
        "constructs": "^3.0.2"
      }
    },
    "@aws-cdk/aws-applicationautoscaling": {
      "version": "1.54.0",
      "resolved": "https://registry.npmjs.org/@aws-cdk/aws-applicationautoscaling/-/aws-applicationautoscaling-1.54.0.tgz",
      "integrity": "sha512-KhXpgsXB4TGtkvxH4ilsoWHZgUY/ADR9hNnoipYepEt/zlhGyDzLr/O0vdehhBY4aBISQSK9EMMHRALftMKxwQ==",
      "requires": {
        "@aws-cdk/aws-autoscaling-common": "1.54.0",
        "@aws-cdk/aws-cloudwatch": "1.54.0",
        "@aws-cdk/aws-iam": "1.54.0",
        "@aws-cdk/core": "1.54.0",
        "constructs": "^3.0.2"
      }
    },
    "@aws-cdk/aws-autoscaling": {
      "version": "1.54.0",
      "resolved": "https://registry.npmjs.org/@aws-cdk/aws-autoscaling/-/aws-autoscaling-1.54.0.tgz",
      "integrity": "sha512-rjMDKxbg1iVXJO+cJw+jJ3tfEVoxZ1eMpnOARL4uTn6KmOJrZ8IMPsUNqRKFSRCnqzDTPZhVFLX0Ao8Nq+vMfw==",
      "requires": {
        "@aws-cdk/aws-autoscaling-common": "1.54.0",
        "@aws-cdk/aws-cloudwatch": "1.54.0",
        "@aws-cdk/aws-ec2": "1.54.0",
        "@aws-cdk/aws-elasticloadbalancing": "1.54.0",
        "@aws-cdk/aws-elasticloadbalancingv2": "1.54.0",
        "@aws-cdk/aws-iam": "1.54.0",
        "@aws-cdk/aws-sns": "1.54.0",
        "@aws-cdk/core": "1.54.0",
        "constructs": "^3.0.2"
      }
    },
    "@aws-cdk/aws-autoscaling-common": {
      "version": "1.54.0",
      "resolved": "https://registry.npmjs.org/@aws-cdk/aws-autoscaling-common/-/aws-autoscaling-common-1.54.0.tgz",
      "integrity": "sha512-snCx7u0yBlsnmPH4pzefJh7MZZzMhTWjESqTXO0GpKTVRu4oaVqMeG/s1hnD5Sv3ThEMVVMyQncnNdgMSGgvkA==",
      "requires": {
        "@aws-cdk/aws-iam": "1.54.0",
        "@aws-cdk/core": "1.54.0",
        "constructs": "^3.0.2"
      }
    },
    "@aws-cdk/aws-autoscaling-hooktargets": {
      "version": "1.54.0",
      "resolved": "https://registry.npmjs.org/@aws-cdk/aws-autoscaling-hooktargets/-/aws-autoscaling-hooktargets-1.54.0.tgz",
      "integrity": "sha512-EBBKJKkqe/xVMH3Xv9V7+4ZFu7Mc1GuxV5opzVvPiXkj1jJFeWYZPWUaTDi+PynKLKbBalnOxlnI1ixJUfbpGg==",
      "requires": {
        "@aws-cdk/aws-autoscaling": "1.54.0",
        "@aws-cdk/aws-iam": "1.54.0",
        "@aws-cdk/aws-lambda": "1.54.0",
        "@aws-cdk/aws-sns": "1.54.0",
        "@aws-cdk/aws-sns-subscriptions": "1.54.0",
        "@aws-cdk/aws-sqs": "1.54.0",
        "@aws-cdk/core": "1.54.0",
        "constructs": "^3.0.2"
      }
    },
    "@aws-cdk/aws-batch": {
      "version": "1.54.0",
      "resolved": "https://registry.npmjs.org/@aws-cdk/aws-batch/-/aws-batch-1.54.0.tgz",
      "integrity": "sha512-TWt0CbKnmDMyQBZuSFzMPGb2oPqco2HJO6/IaynN5RP+584Y+fqPlAFYMFT6QNB18MTETcUXn6UJcout+6HYdw==",
      "dev": true,
      "requires": {
        "@aws-cdk/aws-ec2": "1.54.0",
        "@aws-cdk/aws-ecr": "1.54.0",
        "@aws-cdk/aws-ecs": "1.54.0",
        "@aws-cdk/aws-iam": "1.54.0",
        "@aws-cdk/core": "1.54.0",
        "constructs": "^3.0.2"
      }
    },
    "@aws-cdk/aws-certificatemanager": {
      "version": "1.54.0",
      "resolved": "https://registry.npmjs.org/@aws-cdk/aws-certificatemanager/-/aws-certificatemanager-1.54.0.tgz",
      "integrity": "sha512-5AGIzpdAdgUMBDBmrFlmB0fnCLZSEM1za0Ure1FwMK0GjB0tYO2IYQqn438L7rXB7IG9HN4T7pu7GcfE7Q4pMw==",
      "requires": {
        "@aws-cdk/aws-iam": "1.54.0",
        "@aws-cdk/aws-lambda": "1.54.0",
        "@aws-cdk/aws-route53": "1.54.0",
        "@aws-cdk/core": "1.54.0",
        "constructs": "^3.0.2"
      }
    },
    "@aws-cdk/aws-cloudformation": {
      "version": "1.54.0",
      "resolved": "https://registry.npmjs.org/@aws-cdk/aws-cloudformation/-/aws-cloudformation-1.54.0.tgz",
      "integrity": "sha512-YTW0dPiIUY4wptKlQTFxAPWFLA8Fz8/fa22YCcsLE5ftdGStgSJkrikrqOKmx8eSSZ6OQGGhouRSYV1eqPioxQ==",
      "requires": {
        "@aws-cdk/aws-iam": "1.54.0",
        "@aws-cdk/aws-lambda": "1.54.0",
        "@aws-cdk/aws-s3": "1.54.0",
        "@aws-cdk/aws-sns": "1.54.0",
        "@aws-cdk/core": "1.54.0",
        "@aws-cdk/cx-api": "1.54.0",
        "constructs": "^3.0.2"
      }
    },
    "@aws-cdk/aws-cloudfront": {
      "version": "1.54.0",
      "resolved": "https://registry.npmjs.org/@aws-cdk/aws-cloudfront/-/aws-cloudfront-1.54.0.tgz",
      "integrity": "sha512-aO2HVT3zeEwP/nZEe+ozFq2L4vGVTanD1xzdsbhhGK+oOAeBP9TfM4WnhiZLyKK2cxElYWlBuTlr9CjVEw0hpw==",
      "requires": {
        "@aws-cdk/aws-certificatemanager": "1.54.0",
        "@aws-cdk/aws-iam": "1.54.0",
        "@aws-cdk/aws-kms": "1.54.0",
        "@aws-cdk/aws-lambda": "1.54.0",
        "@aws-cdk/aws-s3": "1.54.0",
        "@aws-cdk/core": "1.54.0",
        "constructs": "^3.0.2"
      }
    },
    "@aws-cdk/aws-cloudwatch": {
      "version": "1.54.0",
      "resolved": "https://registry.npmjs.org/@aws-cdk/aws-cloudwatch/-/aws-cloudwatch-1.54.0.tgz",
      "integrity": "sha512-+L+tp+XyPqiFBy3P6osOgqqCV/155phcGtZ660BCL5I5ykE08Q9/n6yA3wRh2BU7xZhH5zTYnJ6cIuRmIFcOWw==",
      "requires": {
        "@aws-cdk/aws-iam": "1.54.0",
        "@aws-cdk/core": "1.54.0",
        "constructs": "^3.0.2"
      }
    },
    "@aws-cdk/aws-codebuild": {
      "version": "1.54.0",
      "resolved": "https://registry.npmjs.org/@aws-cdk/aws-codebuild/-/aws-codebuild-1.54.0.tgz",
      "integrity": "sha512-2cxLaeULTLhLULLOLw/BRu4C/FFGjlYl6/MV0BoiVtbLNTPnpaysk0e4++VXOUWGPcFtwXEhQP+vitSPcz5H7Q==",
      "dev": true,
      "requires": {
        "@aws-cdk/assets": "1.54.0",
        "@aws-cdk/aws-cloudwatch": "1.54.0",
        "@aws-cdk/aws-codecommit": "1.54.0",
        "@aws-cdk/aws-ec2": "1.54.0",
        "@aws-cdk/aws-ecr": "1.54.0",
        "@aws-cdk/aws-ecr-assets": "1.54.0",
        "@aws-cdk/aws-events": "1.54.0",
        "@aws-cdk/aws-iam": "1.54.0",
        "@aws-cdk/aws-kms": "1.54.0",
        "@aws-cdk/aws-s3": "1.54.0",
        "@aws-cdk/aws-s3-assets": "1.54.0",
        "@aws-cdk/aws-secretsmanager": "1.54.0",
        "@aws-cdk/core": "1.54.0",
        "constructs": "^3.0.2"
      }
    },
    "@aws-cdk/aws-codecommit": {
      "version": "1.54.0",
      "resolved": "https://registry.npmjs.org/@aws-cdk/aws-codecommit/-/aws-codecommit-1.54.0.tgz",
      "integrity": "sha512-47egwFTBLYKSPyJT7a3Ym94qUhISzmunPemn59WXz2COUgn5sy0Rfr0W4c7/X59smk0rJ385KrmjL19QRVuKzg==",
      "dev": true,
      "requires": {
        "@aws-cdk/aws-events": "1.54.0",
        "@aws-cdk/aws-iam": "1.54.0",
        "@aws-cdk/core": "1.54.0",
        "constructs": "^3.0.2"
      }
    },
    "@aws-cdk/aws-codeguruprofiler": {
      "version": "1.54.0",
      "resolved": "https://registry.npmjs.org/@aws-cdk/aws-codeguruprofiler/-/aws-codeguruprofiler-1.54.0.tgz",
      "integrity": "sha512-VQIEjaliup+mtM+JERZuREtB8EcHJ5/zfH3bFUTeiUKvheXAIppGh9K8lq/z/PMHjsac6sH+XzozMdHj4Oe8bQ==",
      "requires": {
        "@aws-cdk/aws-iam": "1.54.0",
        "@aws-cdk/core": "1.54.0"
      }
    },
    "@aws-cdk/aws-codepipeline": {
      "version": "1.54.0",
      "resolved": "https://registry.npmjs.org/@aws-cdk/aws-codepipeline/-/aws-codepipeline-1.54.0.tgz",
      "integrity": "sha512-WZJH0oS6zcqpBDvccEvmnu77kJy1cQZhwDWijIIYee7zLKmfO3RBDdbzbIzDEZS5A6qME9ymAD80t3GKm08EQQ==",
      "dev": true,
      "requires": {
        "@aws-cdk/aws-events": "1.54.0",
        "@aws-cdk/aws-iam": "1.54.0",
        "@aws-cdk/aws-kms": "1.54.0",
        "@aws-cdk/aws-s3": "1.54.0",
        "@aws-cdk/core": "1.54.0",
        "constructs": "^3.0.2"
      }
    },
    "@aws-cdk/aws-cognito": {
      "version": "1.54.0",
      "resolved": "https://registry.npmjs.org/@aws-cdk/aws-cognito/-/aws-cognito-1.54.0.tgz",
      "integrity": "sha512-/FEI2zMcoTNACOJ5Y6jDy88lFnxPU2uXVfGISJP4fx3Z64+JmdUWTfDY/Xa5Kk+Ev2n8EddIVsJ1Ah+aVLrb7Q==",
      "requires": {
        "@aws-cdk/aws-certificatemanager": "1.54.0",
        "@aws-cdk/aws-iam": "1.54.0",
        "@aws-cdk/aws-lambda": "1.54.0",
        "@aws-cdk/core": "1.54.0",
        "@aws-cdk/custom-resources": "1.54.0",
        "constructs": "^3.0.2"
      }
    },
    "@aws-cdk/aws-ec2": {
      "version": "1.54.0",
      "resolved": "https://registry.npmjs.org/@aws-cdk/aws-ec2/-/aws-ec2-1.54.0.tgz",
      "integrity": "sha512-MZXDHf8jj//BBNQx+EwuocV5WH2njFQqzo2cF9tpTPPjd30prD5D8FCPi3RIdXafKdpQvTzor4cYPbYFKbdU+A==",
      "requires": {
        "@aws-cdk/aws-cloudwatch": "1.54.0",
        "@aws-cdk/aws-iam": "1.54.0",
        "@aws-cdk/aws-kms": "1.54.0",
        "@aws-cdk/aws-logs": "1.54.0",
        "@aws-cdk/aws-s3": "1.54.0",
        "@aws-cdk/aws-ssm": "1.54.0",
        "@aws-cdk/cloud-assembly-schema": "1.54.0",
        "@aws-cdk/core": "1.54.0",
        "@aws-cdk/cx-api": "1.54.0",
        "@aws-cdk/region-info": "1.54.0",
        "constructs": "^3.0.2"
      }
    },
    "@aws-cdk/aws-ecr": {
      "version": "1.54.0",
      "resolved": "https://registry.npmjs.org/@aws-cdk/aws-ecr/-/aws-ecr-1.54.0.tgz",
      "integrity": "sha512-tZoKaXLXTtd8NDE6Ygp2h0dZ6dN1J9TRjMxIe5dVu2beffdsCa05ZbShBVjXgY9NCfJUvlk+OdQYYFj7UyAksQ==",
      "requires": {
        "@aws-cdk/aws-events": "1.54.0",
        "@aws-cdk/aws-iam": "1.54.0",
        "@aws-cdk/core": "1.54.0",
        "@aws-cdk/custom-resources": "1.54.0",
        "constructs": "^3.0.2"
      }
    },
    "@aws-cdk/aws-ecr-assets": {
      "version": "1.54.0",
      "resolved": "https://registry.npmjs.org/@aws-cdk/aws-ecr-assets/-/aws-ecr-assets-1.54.0.tgz",
      "integrity": "sha512-jCfcuYPhnd4ONQlmzOgv/Hm7soUg7/KQddKvNL1z0WvgWR7xUz+CecXQVqsTjvXFxmisrFFWtsRMjqEYFwVStw==",
      "requires": {
        "@aws-cdk/assets": "1.54.0",
        "@aws-cdk/aws-ecr": "1.54.0",
        "@aws-cdk/aws-iam": "1.54.0",
        "@aws-cdk/aws-lambda": "1.54.0",
        "@aws-cdk/aws-s3": "1.54.0",
        "@aws-cdk/core": "1.54.0",
        "@aws-cdk/cx-api": "1.54.0",
        "constructs": "^3.0.2",
        "minimatch": "^3.0.4"
      },
      "dependencies": {
        "balanced-match": {
          "version": "1.0.0",
          "bundled": true
        },
        "brace-expansion": {
          "version": "1.1.11",
          "bundled": true,
          "requires": {
            "balanced-match": "^1.0.0",
            "concat-map": "0.0.1"
          }
        },
        "concat-map": {
          "version": "0.0.1",
          "bundled": true
        },
        "minimatch": {
          "version": "3.0.4",
          "bundled": true,
          "requires": {
            "brace-expansion": "^1.1.7"
          }
        }
      }
    },
    "@aws-cdk/aws-ecs": {
      "version": "1.54.0",
      "resolved": "https://registry.npmjs.org/@aws-cdk/aws-ecs/-/aws-ecs-1.54.0.tgz",
      "integrity": "sha512-6ZDvebM/V1AclKvHH1GclBGfzqDbxoNN1b6N5M8Q0QbHvMg93Ntb25ESMvePQFYHPt4VpIkaW5S3nPNxpKRwRg==",
      "requires": {
        "@aws-cdk/aws-applicationautoscaling": "1.54.0",
        "@aws-cdk/aws-autoscaling": "1.54.0",
        "@aws-cdk/aws-autoscaling-hooktargets": "1.54.0",
        "@aws-cdk/aws-certificatemanager": "1.54.0",
        "@aws-cdk/aws-cloudwatch": "1.54.0",
        "@aws-cdk/aws-ec2": "1.54.0",
        "@aws-cdk/aws-ecr": "1.54.0",
        "@aws-cdk/aws-ecr-assets": "1.54.0",
        "@aws-cdk/aws-elasticloadbalancing": "1.54.0",
        "@aws-cdk/aws-elasticloadbalancingv2": "1.54.0",
        "@aws-cdk/aws-iam": "1.54.0",
        "@aws-cdk/aws-lambda": "1.54.0",
        "@aws-cdk/aws-logs": "1.54.0",
        "@aws-cdk/aws-route53": "1.54.0",
        "@aws-cdk/aws-route53-targets": "1.54.0",
        "@aws-cdk/aws-secretsmanager": "1.54.0",
        "@aws-cdk/aws-servicediscovery": "1.54.0",
        "@aws-cdk/aws-sns": "1.54.0",
        "@aws-cdk/aws-sqs": "1.54.0",
        "@aws-cdk/aws-ssm": "1.54.0",
        "@aws-cdk/core": "1.54.0",
        "@aws-cdk/cx-api": "1.54.0",
        "constructs": "^3.0.2"
      }
    },
    "@aws-cdk/aws-ecs-patterns": {
      "version": "1.54.0",
      "resolved": "https://registry.npmjs.org/@aws-cdk/aws-ecs-patterns/-/aws-ecs-patterns-1.54.0.tgz",
      "integrity": "sha512-G86psIm0OwUAhGB0/rQDZyZfPQNgR18zT3HWqayuMOWcjIA0ACD79gHB0nFbyLTGiH3rwIajnJ0yJKht+GnLFQ==",
      "dev": true,
      "requires": {
        "@aws-cdk/aws-applicationautoscaling": "1.54.0",
        "@aws-cdk/aws-certificatemanager": "1.54.0",
        "@aws-cdk/aws-ec2": "1.54.0",
        "@aws-cdk/aws-ecs": "1.54.0",
        "@aws-cdk/aws-elasticloadbalancingv2": "1.54.0",
        "@aws-cdk/aws-events": "1.54.0",
        "@aws-cdk/aws-events-targets": "1.54.0",
        "@aws-cdk/aws-iam": "1.54.0",
        "@aws-cdk/aws-route53": "1.54.0",
        "@aws-cdk/aws-route53-targets": "1.54.0",
        "@aws-cdk/aws-servicediscovery": "1.54.0",
        "@aws-cdk/aws-sqs": "1.54.0",
        "@aws-cdk/core": "1.54.0",
        "constructs": "^3.0.2"
      }
    },
    "@aws-cdk/aws-efs": {
      "version": "1.54.0",
      "resolved": "https://registry.npmjs.org/@aws-cdk/aws-efs/-/aws-efs-1.54.0.tgz",
      "integrity": "sha512-kHeH5cGonYrE1vwStnB1SwAX3XDZYDOiBlGxPz5s7x8TCeMdjRWhHP5Qow+h5Rt6UOocZJ+QV8G4fbXU2yZC1g==",
      "requires": {
        "@aws-cdk/aws-ec2": "1.54.0",
        "@aws-cdk/aws-kms": "1.54.0",
        "@aws-cdk/cloud-assembly-schema": "1.54.0",
        "@aws-cdk/core": "1.54.0",
        "@aws-cdk/cx-api": "1.54.0",
        "constructs": "^3.0.2"
      }
    },
    "@aws-cdk/aws-elasticloadbalancing": {
      "version": "1.54.0",
      "resolved": "https://registry.npmjs.org/@aws-cdk/aws-elasticloadbalancing/-/aws-elasticloadbalancing-1.54.0.tgz",
      "integrity": "sha512-B1f8DH+9TVfAWq0ZDIpIPsoOkSavTuuWI6dF3fWGCDEHFij08frutlcXROC5iHaY4aS+TTrmUC6Iu1CmUEXAtw==",
      "requires": {
        "@aws-cdk/aws-ec2": "1.54.0",
        "@aws-cdk/core": "1.54.0",
        "constructs": "^3.0.2"
      }
    },
    "@aws-cdk/aws-elasticloadbalancingv2": {
      "version": "1.54.0",
      "resolved": "https://registry.npmjs.org/@aws-cdk/aws-elasticloadbalancingv2/-/aws-elasticloadbalancingv2-1.54.0.tgz",
      "integrity": "sha512-b/SMpM97C3bQCAAdANW90JfIxfZ1FCZn15v7bwoDyUtoO6M+HmnYfdd8wHCbHnKj/gE0UAq79x83/wwVgf8Ukw==",
      "requires": {
        "@aws-cdk/aws-certificatemanager": "1.54.0",
        "@aws-cdk/aws-cloudwatch": "1.54.0",
        "@aws-cdk/aws-ec2": "1.54.0",
        "@aws-cdk/aws-iam": "1.54.0",
        "@aws-cdk/aws-lambda": "1.54.0",
        "@aws-cdk/aws-s3": "1.54.0",
        "@aws-cdk/core": "1.54.0",
        "@aws-cdk/region-info": "1.54.0",
        "constructs": "^3.0.2"
      }
    },
    "@aws-cdk/aws-events": {
      "version": "1.54.0",
      "resolved": "https://registry.npmjs.org/@aws-cdk/aws-events/-/aws-events-1.54.0.tgz",
      "integrity": "sha512-l45QoTocCC182lXAf2uozpqU7Y+P7NKtUQ3xVXV+9f9Aldjq6vPDml8MxyWGn5liKTcqRzekL4gOoQbUG8Effg==",
      "requires": {
        "@aws-cdk/aws-iam": "1.54.0",
        "@aws-cdk/core": "1.54.0",
        "constructs": "^3.0.2"
      }
    },
    "@aws-cdk/aws-events-targets": {
      "version": "1.54.0",
      "resolved": "https://registry.npmjs.org/@aws-cdk/aws-events-targets/-/aws-events-targets-1.54.0.tgz",
      "integrity": "sha512-W665IhXoosY5yahtQh77x4wjcOjj6i2TRwilNqurieMWdJZSKhnnOkmulrXepgNvgWGFs2X2mJeuj2qP/KvOPA==",
      "dev": true,
      "requires": {
        "@aws-cdk/aws-batch": "1.54.0",
        "@aws-cdk/aws-codebuild": "1.54.0",
        "@aws-cdk/aws-codepipeline": "1.54.0",
        "@aws-cdk/aws-ec2": "1.54.0",
        "@aws-cdk/aws-ecs": "1.54.0",
        "@aws-cdk/aws-events": "1.54.0",
        "@aws-cdk/aws-iam": "1.54.0",
        "@aws-cdk/aws-kinesis": "1.54.0",
        "@aws-cdk/aws-lambda": "1.54.0",
        "@aws-cdk/aws-sns": "1.54.0",
        "@aws-cdk/aws-sns-subscriptions": "1.54.0",
        "@aws-cdk/aws-sqs": "1.54.0",
        "@aws-cdk/aws-stepfunctions": "1.54.0",
        "@aws-cdk/core": "1.54.0",
        "constructs": "^3.0.2"
      }
    },
    "@aws-cdk/aws-iam": {
      "version": "1.54.0",
      "resolved": "https://registry.npmjs.org/@aws-cdk/aws-iam/-/aws-iam-1.54.0.tgz",
      "integrity": "sha512-oS2W85oDITpaLqIWAGM+ADBW+csRDkz2n46dkdfoEq0m2Y5ZQESvXi7J9eWjcDu1ofDDDVDl3snbWJTnfW3+Hg==",
      "requires": {
        "@aws-cdk/core": "1.54.0",
        "@aws-cdk/region-info": "1.54.0",
        "constructs": "^3.0.2"
      }
    },
    "@aws-cdk/aws-kinesis": {
      "version": "1.54.0",
      "resolved": "https://registry.npmjs.org/@aws-cdk/aws-kinesis/-/aws-kinesis-1.54.0.tgz",
      "integrity": "sha512-plTQh+FjyvjUxWIXNaP6aOphY82O+quZquC0/OgSE5ZEaGOx1qD+dL4hXqQePQevwLTOmk82/2di2TbNGTsyRw==",
      "dev": true,
      "requires": {
        "@aws-cdk/aws-iam": "1.54.0",
        "@aws-cdk/aws-kms": "1.54.0",
        "@aws-cdk/aws-logs": "1.54.0",
        "@aws-cdk/core": "1.54.0",
        "constructs": "^3.0.2"
      }
    },
    "@aws-cdk/aws-kms": {
      "version": "1.54.0",
      "resolved": "https://registry.npmjs.org/@aws-cdk/aws-kms/-/aws-kms-1.54.0.tgz",
      "integrity": "sha512-9BL6bPfj0KPtVTp7sm2oplTUlVp3DqWz/NPd9xQcQEW4VPddYTxP+a/hRDSjTYQtE84Gt2+EXT1pjVBcqNpw2A==",
      "requires": {
        "@aws-cdk/aws-iam": "1.54.0",
        "@aws-cdk/core": "1.54.0",
        "constructs": "^3.0.2"
      }
    },
    "@aws-cdk/aws-lambda": {
      "version": "1.54.0",
      "resolved": "https://registry.npmjs.org/@aws-cdk/aws-lambda/-/aws-lambda-1.54.0.tgz",
      "integrity": "sha512-YF/s/2aDTtLSCjRBdH93DrrNdk0HoxSbanIxh25hddbuGMm7se+wS4qtmyyWL/05J/o/BGbWQWOLMUGj1gmaGQ==",
      "requires": {
        "@aws-cdk/aws-cloudwatch": "1.54.0",
        "@aws-cdk/aws-codeguruprofiler": "1.54.0",
        "@aws-cdk/aws-ec2": "1.54.0",
        "@aws-cdk/aws-efs": "1.54.0",
        "@aws-cdk/aws-events": "1.54.0",
        "@aws-cdk/aws-iam": "1.54.0",
        "@aws-cdk/aws-logs": "1.54.0",
        "@aws-cdk/aws-s3": "1.54.0",
        "@aws-cdk/aws-s3-assets": "1.54.0",
        "@aws-cdk/aws-sqs": "1.54.0",
        "@aws-cdk/core": "1.54.0",
        "@aws-cdk/cx-api": "1.54.0",
        "constructs": "^3.0.2"
      }
    },
    "@aws-cdk/aws-logs": {
      "version": "1.54.0",
      "resolved": "https://registry.npmjs.org/@aws-cdk/aws-logs/-/aws-logs-1.54.0.tgz",
      "integrity": "sha512-VjEzm0HD8rwOsH3qe4ZA37eMjQbO0ZxmyMgXtysET9hYs+i0Iwr5cZ/T/FHSY/OBc0BOHJXi/Qx7W8/WARH9eQ==",
      "requires": {
        "@aws-cdk/aws-cloudwatch": "1.54.0",
        "@aws-cdk/aws-iam": "1.54.0",
        "@aws-cdk/core": "1.54.0",
        "constructs": "^3.0.2"
      }
    },
    "@aws-cdk/aws-route53": {
      "version": "1.54.0",
      "resolved": "https://registry.npmjs.org/@aws-cdk/aws-route53/-/aws-route53-1.54.0.tgz",
      "integrity": "sha512-8zJk4ljSWpf0HXUtPw+aFB0BZCzewybAtKvd85kmJvKGk4GZLAJdz5EWRchksznxpwO30J+5T7DC4Q/8QuN1Pw==",
      "requires": {
        "@aws-cdk/aws-ec2": "1.54.0",
        "@aws-cdk/aws-logs": "1.54.0",
        "@aws-cdk/cloud-assembly-schema": "1.54.0",
        "@aws-cdk/core": "1.54.0",
        "constructs": "^3.0.2"
      }
    },
    "@aws-cdk/aws-route53-targets": {
      "version": "1.54.0",
      "resolved": "https://registry.npmjs.org/@aws-cdk/aws-route53-targets/-/aws-route53-targets-1.54.0.tgz",
      "integrity": "sha512-AJGi+wtIJW1Ci4M8cOnpmovd9ueT4WrtgTTKZHbYhf/tXK5x/dJIoqHwlWlI0y8jcshiQaWC4kvcT9Z1oTD4YA==",
      "requires": {
        "@aws-cdk/aws-apigateway": "1.54.0",
        "@aws-cdk/aws-cloudfront": "1.54.0",
        "@aws-cdk/aws-cognito": "1.54.0",
        "@aws-cdk/aws-ec2": "1.54.0",
        "@aws-cdk/aws-elasticloadbalancing": "1.54.0",
        "@aws-cdk/aws-elasticloadbalancingv2": "1.54.0",
        "@aws-cdk/aws-iam": "1.54.0",
        "@aws-cdk/aws-route53": "1.54.0",
        "@aws-cdk/aws-s3": "1.54.0",
        "@aws-cdk/core": "1.54.0",
        "@aws-cdk/region-info": "1.54.0",
        "constructs": "^3.0.2"
      }
    },
    "@aws-cdk/aws-s3": {
      "version": "1.54.0",
      "resolved": "https://registry.npmjs.org/@aws-cdk/aws-s3/-/aws-s3-1.54.0.tgz",
      "integrity": "sha512-dMcHtvoAyCTuh74fPY7Y7R+PW3T+vyUZNpDKgaj4I//Q96ybb3YcXyrptIXMNDAWVPL8GNIcEAGfpY5wYLE0qQ==",
      "requires": {
        "@aws-cdk/aws-events": "1.54.0",
        "@aws-cdk/aws-iam": "1.54.0",
        "@aws-cdk/aws-kms": "1.54.0",
        "@aws-cdk/core": "1.54.0",
        "constructs": "^3.0.2"
      }
    },
    "@aws-cdk/aws-s3-assets": {
      "version": "1.54.0",
      "resolved": "https://registry.npmjs.org/@aws-cdk/aws-s3-assets/-/aws-s3-assets-1.54.0.tgz",
      "integrity": "sha512-IMGX3mqQyF4OurYh+Pu+HeImlvcOSaeq9WfiH31NzWvHNiR7Zuh2MvRG7r1lo9VNtS4Ttk1nXJFBe2W0yTFDrA==",
      "requires": {
        "@aws-cdk/assets": "1.54.0",
        "@aws-cdk/aws-iam": "1.54.0",
        "@aws-cdk/aws-kms": "1.54.0",
        "@aws-cdk/aws-s3": "1.54.0",
        "@aws-cdk/core": "1.54.0",
        "@aws-cdk/cx-api": "1.54.0",
        "constructs": "^3.0.2"
      }
    },
    "@aws-cdk/aws-sam": {
      "version": "1.54.0",
      "resolved": "https://registry.npmjs.org/@aws-cdk/aws-sam/-/aws-sam-1.54.0.tgz",
      "integrity": "sha512-brICLV616UiXTNOCvvlC7enwvcKaiZLtT7VEPQTf3eiJp9VDs4RfNSMefm5wIkfmHLWPHvRlexPFaZb/PeU7UA==",
      "requires": {
        "@aws-cdk/core": "1.54.0",
        "constructs": "^3.0.2"
      }
    },
    "@aws-cdk/aws-secretsmanager": {
      "version": "1.54.0",
      "resolved": "https://registry.npmjs.org/@aws-cdk/aws-secretsmanager/-/aws-secretsmanager-1.54.0.tgz",
      "integrity": "sha512-OwKmid2Tp8RqerofxnI1O7WR6aJ3a3EqZ6CaTVs4IG2FFi1ub2caavouUc1z3YHXaOfh2beuUnXJZtD98ocFBw==",
      "requires": {
        "@aws-cdk/aws-ec2": "1.54.0",
        "@aws-cdk/aws-iam": "1.54.0",
        "@aws-cdk/aws-kms": "1.54.0",
        "@aws-cdk/aws-lambda": "1.54.0",
        "@aws-cdk/aws-sam": "1.54.0",
        "@aws-cdk/core": "1.54.0",
        "constructs": "^3.0.2"
      }
    },
    "@aws-cdk/aws-servicediscovery": {
      "version": "1.54.0",
      "resolved": "https://registry.npmjs.org/@aws-cdk/aws-servicediscovery/-/aws-servicediscovery-1.54.0.tgz",
      "integrity": "sha512-B2ert8AbOQ5U34QGr++qFic0unMWKpvBMHDXmwUE09GhUL9MsYcbpWTjqRZ4cOUj3k8PY4qYRjbCsYW1a4xHuA==",
      "requires": {
        "@aws-cdk/aws-ec2": "1.54.0",
        "@aws-cdk/aws-elasticloadbalancingv2": "1.54.0",
        "@aws-cdk/aws-route53": "1.54.0",
        "@aws-cdk/core": "1.54.0",
        "constructs": "^3.0.2"
      }
    },
    "@aws-cdk/aws-sns": {
      "version": "1.54.0",
      "resolved": "https://registry.npmjs.org/@aws-cdk/aws-sns/-/aws-sns-1.54.0.tgz",
      "integrity": "sha512-bmP7Z0i26Yq1Ix0yaz+tjJaersLZMOj/WDhfkpaucyPlTCj/hV2BQSGUMWgl3QgadapUPZVDv9DBiqvjLlTPMA==",
      "requires": {
        "@aws-cdk/aws-cloudwatch": "1.54.0",
        "@aws-cdk/aws-events": "1.54.0",
        "@aws-cdk/aws-iam": "1.54.0",
        "@aws-cdk/aws-kms": "1.54.0",
        "@aws-cdk/aws-sqs": "1.54.0",
        "@aws-cdk/core": "1.54.0",
        "constructs": "^3.0.2"
      }
    },
    "@aws-cdk/aws-sns-subscriptions": {
      "version": "1.54.0",
      "resolved": "https://registry.npmjs.org/@aws-cdk/aws-sns-subscriptions/-/aws-sns-subscriptions-1.54.0.tgz",
      "integrity": "sha512-iizYWPCRbRcPu9IvZTprybFAyBYz/bxJ9qY8YNg13zei4DvmE0KSK7To6ljSY0xXiFjJt4BNVI8BsYrXYOMYrg==",
      "requires": {
        "@aws-cdk/aws-iam": "1.54.0",
        "@aws-cdk/aws-lambda": "1.54.0",
        "@aws-cdk/aws-sns": "1.54.0",
        "@aws-cdk/aws-sqs": "1.54.0",
        "@aws-cdk/core": "1.54.0",
        "constructs": "^3.0.2"
      }
    },
    "@aws-cdk/aws-sqs": {
      "version": "1.54.0",
      "resolved": "https://registry.npmjs.org/@aws-cdk/aws-sqs/-/aws-sqs-1.54.0.tgz",
      "integrity": "sha512-ykW2CWbIgvKqUGjrhMCCqOYJ2HUYijTtRcRFdrPD0BrSixcwWW4LW/PpJhDgOjfAw20TS1k3ivYl4pcfg2XWQw==",
      "requires": {
        "@aws-cdk/aws-cloudwatch": "1.54.0",
        "@aws-cdk/aws-iam": "1.54.0",
        "@aws-cdk/aws-kms": "1.54.0",
        "@aws-cdk/core": "1.54.0",
        "constructs": "^3.0.2"
      }
    },
    "@aws-cdk/aws-ssm": {
      "version": "1.54.0",
      "resolved": "https://registry.npmjs.org/@aws-cdk/aws-ssm/-/aws-ssm-1.54.0.tgz",
      "integrity": "sha512-i66zvnOpEpTONI/kKeH4rBg9Lr3w5Z9N+dPJRkqZRqv/f3n2vegPzYX1o3C2eBuVeOCcbgj8775khJO8PbBlww==",
      "requires": {
        "@aws-cdk/aws-iam": "1.54.0",
        "@aws-cdk/aws-kms": "1.54.0",
        "@aws-cdk/cloud-assembly-schema": "1.54.0",
        "@aws-cdk/core": "1.54.0",
        "constructs": "^3.0.2"
      }
    },
    "@aws-cdk/aws-stepfunctions": {
      "version": "1.54.0",
      "resolved": "https://registry.npmjs.org/@aws-cdk/aws-stepfunctions/-/aws-stepfunctions-1.54.0.tgz",
      "integrity": "sha512-GNXDy/X02p/O+gR7P3vkLZgBmlsegRhLwjCqeMW3I2MDpWb5Da5lpW5ZO0l9AphsGgaY6J7C0wwz/84GlCrHXg==",
      "dev": true,
      "requires": {
        "@aws-cdk/aws-cloudwatch": "1.54.0",
        "@aws-cdk/aws-events": "1.54.0",
        "@aws-cdk/aws-iam": "1.54.0",
        "@aws-cdk/aws-logs": "1.54.0",
        "@aws-cdk/core": "1.54.0",
        "constructs": "^3.0.2"
      }
    },
    "@aws-cdk/cloud-assembly-schema": {
      "version": "1.54.0",
      "resolved": "https://registry.npmjs.org/@aws-cdk/cloud-assembly-schema/-/cloud-assembly-schema-1.54.0.tgz",
      "integrity": "sha512-9E4td0R9N/r1fjQaVdeDxVGFqoJNlXMGt0EM2wwiC5JjJj7MkdPVOO0qcvwPdZuYHZMVr/UFAHFjTQBrj6LCEA==",
      "requires": {
        "jsonschema": "^1.2.5",
        "semver": "^7.2.2"
      },
      "dependencies": {
        "jsonschema": {
          "version": "1.2.6",
          "bundled": true
        },
        "semver": {
          "version": "7.3.2",
          "bundled": true
        }
      }
    },
    "@aws-cdk/core": {
      "version": "1.54.0",
      "resolved": "https://registry.npmjs.org/@aws-cdk/core/-/core-1.54.0.tgz",
      "integrity": "sha512-LqHIDudkJp9//7Crfr00l2Z5U+4xkEIiRcEXXNkwEnV2iPzuQErCoDJ+JiQj2kOk3EFbbVpTBPI+6LV1nKSLuw==",
      "requires": {
        "@aws-cdk/cloud-assembly-schema": "1.54.0",
        "@aws-cdk/cx-api": "1.54.0",
        "constructs": "^3.0.2",
        "fs-extra": "^9.0.1",
        "minimatch": "^3.0.4"
      },
      "dependencies": {
        "at-least-node": {
          "version": "1.0.0",
          "bundled": true
        },
        "balanced-match": {
          "version": "1.0.0",
          "bundled": true
        },
        "brace-expansion": {
          "version": "1.1.11",
          "bundled": true,
          "requires": {
            "balanced-match": "^1.0.0",
            "concat-map": "0.0.1"
          }
        },
        "concat-map": {
          "version": "0.0.1",
          "bundled": true
        },
        "fs-extra": {
          "version": "9.0.1",
          "bundled": true,
          "requires": {
            "at-least-node": "^1.0.0",
            "graceful-fs": "^4.2.0",
            "jsonfile": "^6.0.1",
            "universalify": "^1.0.0"
          }
        },
        "graceful-fs": {
          "version": "4.2.3",
          "bundled": true
        },
        "jsonfile": {
          "version": "6.0.1",
          "bundled": true,
          "requires": {
            "graceful-fs": "^4.1.6",
            "universalify": "^1.0.0"
          }
        },
        "minimatch": {
          "version": "3.0.4",
          "bundled": true,
          "requires": {
            "brace-expansion": "^1.1.7"
          }
        },
        "universalify": {
          "version": "1.0.0",
          "bundled": true
        }
      }
    },
    "@aws-cdk/custom-resources": {
      "version": "1.54.0",
      "resolved": "https://registry.npmjs.org/@aws-cdk/custom-resources/-/custom-resources-1.54.0.tgz",
      "integrity": "sha512-pTZu5PH3UUX/53fFuIQamidmswaC2JMw97KBXWpFLz1WBPA2Jvb2Y67yiy814HZdz9WdscccIQIcCFh8ms4c7g==",
      "requires": {
        "@aws-cdk/aws-cloudformation": "1.54.0",
        "@aws-cdk/aws-iam": "1.54.0",
        "@aws-cdk/aws-lambda": "1.54.0",
        "@aws-cdk/aws-logs": "1.54.0",
        "@aws-cdk/aws-sns": "1.54.0",
        "@aws-cdk/core": "1.54.0",
        "constructs": "^3.0.2"
      }
    },
    "@aws-cdk/cx-api": {
      "version": "1.54.0",
      "resolved": "https://registry.npmjs.org/@aws-cdk/cx-api/-/cx-api-1.54.0.tgz",
      "integrity": "sha512-LVskfK1wcL7IhiyY74cQM1JZn4y08IGKvPEldnQVx+OlvB4BDsXRIT4pyRgnGYNWDI5yaQqi+M2D5zqqaLcN+g==",
      "requires": {
        "@aws-cdk/cloud-assembly-schema": "1.54.0",
        "semver": "^7.2.2"
      },
      "dependencies": {
        "semver": {
          "version": "7.3.2",
          "bundled": true
        }
      }
    },
    "@aws-cdk/region-info": {
      "version": "1.54.0",
      "resolved": "https://registry.npmjs.org/@aws-cdk/region-info/-/region-info-1.54.0.tgz",
      "integrity": "sha512-nEhNfDRY7AZOt8ebRdGjVPBRu1X25UTqsHbzgPBk+4Ov4CfgAi06onoacGgyTw4WzLikAdVTtRHJULmI158clg=="
    },
    "@types/node": {
      "version": "8.10.62",
      "resolved": "https://registry.npmjs.org/@types/node/-/node-8.10.62.tgz",
      "integrity": "sha512-76fupxOYVxk36kb7O/6KtrAPZ9jnSK3+qisAX4tQMEuGNdlvl7ycwatlHqjoE6jHfVtXFM3pCrCixZOidc5cuw==",
      "dev": true
    },
    "constructs": {
      "version": "3.0.4",
      "resolved": "https://registry.npmjs.org/constructs/-/constructs-3.0.4.tgz",
      "integrity": "sha512-CDvg7gMjphE3DFX4pzkF6j73NREbR8npPFW8Mx/CLRnMR035+Y1o1HrXIsNSss/dq3ZUnNTU9jKyd3fL9EOlfw=="
    },
    "typescript": {
      "version": "3.7.5",
      "resolved": "https://registry.npmjs.org/typescript/-/typescript-3.7.5.tgz",
      "integrity": "sha512-/P5lkRXkWHNAbcJIiHPfRoKqyd7bsyCma1hZNUGfn20qm64T6ZBlrzprymeu918H+mB/0rIg2gGK/BXkhhYgBw==",
      "dev": true
    }
  }
}
